
Microsoft Visual Studio Solution File, Format Version 12.00
Project("{FAE04EC0-301F-11D3-BF4B-00C04F79EFBC}") = "Sokoban_2", "Sokoban_2\Sokoban_2.csproj", "{96EB7CD9-2D64-4084-A6CD-F9DFE8C3021A}"
EndProject
Global
	GlobalSection(SolutionConfigurationPlatforms) = preSolution
		Debug|Any CPU = Debug|Any CPU
		Release|Any CPU = Release|Any CPU
	EndGlobalSection
	GlobalSection(ProjectConfigurationPlatforms) = postSolution
		{96EB7CD9-2D64-4084-A6CD-F9DFE8C3021A}.Debug|Any CPU.ActiveCfg = Debug|Any CPU
		{96EB7CD9-2D64-4084-A6CD-F9DFE8C3021A}.Debug|Any CPU.Build.0 = Debug|Any CPU
		{96EB7CD9-2D64-4084-A6CD-F9DFE8C3021A}.Release|Any CPU.ActiveCfg = Release|Any CPU
		{96EB7CD9-2D64-4084-A6CD-F9DFE8C3021A}.Release|Any CPU.Build.0 = Release|Any CPU
	EndGlobalSection
EndGlobal
